
Microsoft Visual Studio Solution File, Format Version 12.00
# Visual Studio Version 17
VisualStudioVersion = 17.8.34330.188
MinimumVisualStudioVersion = 10.0.40219.1
Project("{8BC9CEB8-8B4A-11D0-8D11-00A0C91BC942}") = "operator_team_project", "operator_team_project\operator_team_project.vcxproj", "{59533315-8CCF-4834-B7C4-AB40108550F0}"
EndProject
Global
	GlobalSection(SolutionConfigurationPlatforms) = preSolution
		Debug|x64 = Debug|x64
		Debug|x86 = Debug|x86
		Release|x64 = Release|x64
		Release|x86 = Release|x86
	EndGlobalSection
	GlobalSection(ProjectConfigurationPlatforms) = postSolution
		{59533315-8CCF-4834-B7C4-AB40108550F0}.Debug|x64.ActiveCfg = Debug|x64
		{59533315-8CCF-4834-B7C4-AB40108550F0}.Debug|x64.Build.0 = Debug|x64
		{59533315-8CCF-4834-B7C4-AB40108550F0}.Debug|x86.ActiveCfg = Debug|Win32
		{59533315-8CCF-4834-B7C4-AB40108550F0}.Debug|x86.Build.0 = Debug|Win32
		{59533315-8CCF-4834-B7C4-AB40108550F0}.Release|x64.ActiveCfg = Release|x64
		{59533315-8CCF-4834-B7C4-AB40108550F0}.Release|x64.Build.0 = Release|x64
		{59533315-8CCF-4834-B7C4-AB40108550F0}.Release|x86.ActiveCfg = Release|Win32
		{59533315-8CCF-4834-B7C4-AB40108550F0}.Release|x86.Build.0 = Release|Win32
	EndGlobalSection
	GlobalSection(SolutionProperties) = preSolution
		HideSolutionNode = FALSE
	EndGlobalSection
	GlobalSection(ExtensibilityGlobals) = postSolution
		SolutionGuid = {D43030ED-B7EB-421D-95A1-466384891D4A}
	EndGlobalSection
EndGlobal
